
Microsoft Visual Studio Solution File, Format Version 12.00
# Visual Studio Version 17
VisualStudioVersion = 17.7.34221.43
MinimumVisualStudioVersion = 10.0.40219.1
Project("{FAE04EC0-301F-11D3-BF4B-00C04F79EFBC}") = "Kres_Basvuru_Form", "Kres_Basvuru_Form\Kres_Basvuru_Form.csproj", "{D58B068C-31C8-455A-A997-1DE8C18A7343}"
EndProject
Global
	GlobalSection(SolutionConfigurationPlatforms) = preSolution
		Debug|Any CPU = Debug|Any CPU
		Release|Any CPU = Release|Any CPU
	EndGlobalSection
	GlobalSection(ProjectConfigurationPlatforms) = postSolution
		{D58B068C-31C8-455A-A997-1DE8C18A7343}.Debug|Any CPU.ActiveCfg = Debug|Any CPU
		{D58B068C-31C8-455A-A997-1DE8C18A7343}.Debug|Any CPU.Build.0 = Debug|Any CPU
		{D58B068C-31C8-455A-A997-1DE8C18A7343}.Release|Any CPU.ActiveCfg = Release|Any CPU
		{D58B068C-31C8-455A-A997-1DE8C18A7343}.Release|Any CPU.Build.0 = Release|Any CPU
	EndGlobalSection
	GlobalSection(SolutionProperties) = preSolution
		HideSolutionNode = FALSE
	EndGlobalSection
	GlobalSection(ExtensibilityGlobals) = postSolution
		SolutionGuid = {6C3CCEB4-3A13-4733-8DBF-F6D1E6A401F7}
	EndGlobalSection
EndGlobal
